{
    "_meta": {
        "hash": {
            "sha256": "fdad9de1c075f5a9bf5f3a2a40dfadcd96b9eb2b56842ec0531243bfe3e40f78"
        },
        "pipfile-spec": 6,
        "requires": {
            "python_full_version": "3.6.5"
        },
        "sources": [
            {
                "name": "pypi",
                "url": "https://pypi.org/simple",
                "verify_ssl": true
            }
        ]
    },
    "default": {},
    "develop": {}
}
